
Microsoft Visual Studio Solution File, Format Version 12.00
# Visual Studio 15
VisualStudioVersion = 15.0.28307.168
MinimumVisualStudioVersion = 10.0.40219.1
Project("{9A19103F-16F7-4668-BE54-9A1E7A4F7556}") = "Breakout_LP2", "Breakout_LP2\Breakout_LP2.csproj", "{5C906421-D2F0-4F72-BAB8-08BA1A186CA7}"
EndProject
Project("{FAE04EC0-301F-11D3-BF4B-00C04F79EFBC}") = "GameEngine", "GameEngine\GameEngine.csproj", "{892B2F0F-5B2D-412C-ACAD-C32EF3C0781A}"
EndProject
Global
	GlobalSection(SolutionConfigurationPlatforms) = preSolution
		Debug|Any CPU = Debug|Any CPU
		Release|Any CPU = Release|Any CPU
	EndGlobalSection
	GlobalSection(ProjectConfigurationPlatforms) = postSolution
		{5C906421-D2F0-4F72-BAB8-08BA1A186CA7}.Debug|Any CPU.ActiveCfg = Debug|Any CPU
		{5C906421-D2F0-4F72-BAB8-08BA1A186CA7}.Debug|Any CPU.Build.0 = Debug|Any CPU
		{5C906421-D2F0-4F72-BAB8-08BA1A186CA7}.Release|Any CPU.ActiveCfg = Release|Any CPU
		{5C906421-D2F0-4F72-BAB8-08BA1A186CA7}.Release|Any CPU.Build.0 = Release|Any CPU
		{892B2F0F-5B2D-412C-ACAD-C32EF3C0781A}.Debug|Any CPU.ActiveCfg = Debug|Any CPU
		{892B2F0F-5B2D-412C-ACAD-C32EF3C0781A}.Debug|Any CPU.Build.0 = Debug|Any CPU
		{892B2F0F-5B2D-412C-ACAD-C32EF3C0781A}.Release|Any CPU.ActiveCfg = Release|Any CPU
		{892B2F0F-5B2D-412C-ACAD-C32EF3C0781A}.Release|Any CPU.Build.0 = Release|Any CPU
	EndGlobalSection
	GlobalSection(SolutionProperties) = preSolution
		HideSolutionNode = FALSE
	EndGlobalSection
	GlobalSection(ExtensibilityGlobals) = postSolution
		SolutionGuid = {8902495A-A59B-492D-8F9B-52829DFCB3BD}
	EndGlobalSection
EndGlobal
